
Microsoft Visual Studio Solution File, Format Version 12.00
# Visual Studio Version 17
VisualStudioVersion = 17.14.36518.9 d17.14
MinimumVisualStudioVersion = 10.0.40219.1
Project("{FAE04EC0-301F-11D3-BF4B-00C04F79EFBC}") = "Barsan_RoxanaElena_Lab2", "Barsan_RoxanaElena_Lab2.csproj", "{CFDA135C-0821-45F5-8A64-3926EE674AA3}"
EndProject
Global
	GlobalSection(SolutionConfigurationPlatforms) = preSolution
		Debug|Any CPU = Debug|Any CPU
		Release|Any CPU = Release|Any CPU
	EndGlobalSection
	GlobalSection(ProjectConfigurationPlatforms) = postSolution
		{CFDA135C-0821-45F5-8A64-3926EE674AA3}.Debug|Any CPU.ActiveCfg = Debug|Any CPU
		{CFDA135C-0821-45F5-8A64-3926EE674AA3}.Debug|Any CPU.Build.0 = Debug|Any CPU
		{CFDA135C-0821-45F5-8A64-3926EE674AA3}.Release|Any CPU.ActiveCfg = Release|Any CPU
		{CFDA135C-0821-45F5-8A64-3926EE674AA3}.Release|Any CPU.Build.0 = Release|Any CPU
	EndGlobalSection
	GlobalSection(SolutionProperties) = preSolution
		HideSolutionNode = FALSE
	EndGlobalSection
	GlobalSection(ExtensibilityGlobals) = postSolution
		SolutionGuid = {1A8EE337-0B8C-448E-AE29-E3D2C06E1D55}
	EndGlobalSection
EndGlobal
